
Microsoft Visual Studio Solution File, Format Version 12.00
# Visual Studio 15
VisualStudioVersion = 15.0.28010.2036
MinimumVisualStudioVersion = 10.0.40219.1
Project("{FAE04EC0-301F-11D3-BF4B-00C04F79EFBC}") = "kobaia-functionApp01", "kobaia-functionApp01\kobaia-functionApp01.csproj", "{248E99EC-C64E-4DD1-B9BF-5A9F547A8A59}"
EndProject
Global
	GlobalSection(SolutionConfigurationPlatforms) = preSolution
		Debug|Any CPU = Debug|Any CPU
		Release|Any CPU = Release|Any CPU
	EndGlobalSection
	GlobalSection(ProjectConfigurationPlatforms) = postSolution
		{248E99EC-C64E-4DD1-B9BF-5A9F547A8A59}.Debug|Any CPU.ActiveCfg = Debug|Any CPU
		{248E99EC-C64E-4DD1-B9BF-5A9F547A8A59}.Debug|Any CPU.Build.0 = Debug|Any CPU
		{248E99EC-C64E-4DD1-B9BF-5A9F547A8A59}.Release|Any CPU.ActiveCfg = Release|Any CPU
		{248E99EC-C64E-4DD1-B9BF-5A9F547A8A59}.Release|Any CPU.Build.0 = Release|Any CPU
	EndGlobalSection
	GlobalSection(SolutionProperties) = preSolution
		HideSolutionNode = FALSE
	EndGlobalSection
	GlobalSection(ExtensibilityGlobals) = postSolution
		SolutionGuid = {10B2632F-25DC-4B47-9A0F-3D91B1D8A5A4}
	EndGlobalSection
EndGlobal
